dependencies:
- name: cert-manager
  repository: https://charts.jetstack.io
  version: v1.17.2
- name: reflector
  repository: https://emberstack.github.io/helm-charts
  version: 9.1.22
digest: sha256:17cebc9033575aa73981ec1c88cfbf3d4adb7b2ff200d987eb71c9f00795f707
generated: "2025-08-23T21:36:16.217833797+02:00"
